
Microsoft Visual Studio Solution File, Format Version 12.00
# Visual Studio Version 17
VisualStudioVersion = 17.4.33122.133
MinimumVisualStudioVersion = 10.0.40219.1
Project("{FAE04EC0-301F-11D3-BF4B-00C04F79EFBC}") = "RedfishAvailabilityChecker", "RedfishAvailabilityChecker\RedfishAvailabilityChecker.csproj", "{9E09C31A-A697-4411-8F0E-C6EFF44D00DC}"
EndProject
Global
	GlobalSection(SolutionConfigurationPlatforms) = preSolution
		Debug|Any CPU = Debug|Any CPU
		Release|Any CPU = Release|Any CPU
	EndGlobalSection
	GlobalSection(ProjectConfigurationPlatforms) = postSolution
		{9E09C31A-A697-4411-8F0E-C6EFF44D00DC}.Debug|Any CPU.ActiveCfg = Debug|Any CPU
		{9E09C31A-A697-4411-8F0E-C6EFF44D00DC}.Debug|Any CPU.Build.0 = Debug|Any CPU
		{9E09C31A-A697-4411-8F0E-C6EFF44D00DC}.Release|Any CPU.ActiveCfg = Release|Any CPU
		{9E09C31A-A697-4411-8F0E-C6EFF44D00DC}.Release|Any CPU.Build.0 = Release|Any CPU
	EndGlobalSection
	GlobalSection(SolutionProperties) = preSolution
		HideSolutionNode = FALSE
	EndGlobalSection
	GlobalSection(ExtensibilityGlobals) = postSolution
		SolutionGuid = {CCCD2BAA-0DC3-44D9-85D1-6F2D55D222DD}
	EndGlobalSection
EndGlobal
